<Solution>
  <Folder Name="/src/">
    <Project Path="Shipments.Api/Shipments.Api.csproj" />
    <Project Path="Shipments.Application/Shipments.Application.csproj" />
    <Project Path="Shipments.Domain/Shipments.Domain.csproj" />
    <Project Path="Shipments.Infrastructure/Shipments.Infrastructure.csproj" />
    <Project Path="Shipments.Worker/Shipments.Worker.csproj" Id="ff185c63-e983-4f68-a8c5-0f76b92a2fbd" />
  </Folder>
  <Folder Name="/tests/" />
</Solution>
